// !$*UTF8*$!
{
	archiveVersion = 1;
	classes = {
	};
	objectVersion = 46;
	objects = {

/* Begin PBXBuildFile section */
		97133D1E1EA41FB700732C32 /* AppDelegate.swift in Sources */ = {isa = PBXBuildFile; fileRef = 97133D1D1EA41FB700732C32 /* AppDelegate.swift */; };
		97133D201EA41FB700732C32 /* ViewController.swift in Sources */ = {isa = PBXBuildFile; fileRef = 97133D1F1EA41FB700732C32 /* ViewController.swift */; };
		97133D231EA41FB700732C32 /* Main.storyboard in Resources */ = {isa = PBXBuildFile; fileRef = 97133D211EA41FB700732C32 /* Main.storyboard */; };
		97133D261EA41FB700732C32 /* AddressBook.xcdatamodeld in Sources */ = {isa = PBXBuildFile; fileRef = 97133D241EA41FB700732C32 /* AddressBook.xcdatamodeld */; };
		97133D281EA41FB700732C32 /* Assets.xcassets in Resources */ = {isa = PBXBuildFile; fileRef = 97133D271EA41FB700732C32 /* Assets.xcassets */; };
		97133D2B1EA41FB700732C32 /* LaunchScreen.storyboard in Resources */ = {isa = PBXBuildFile; fileRef = 97133D291EA41FB700732C32 /* LaunchScreen.storyboard */; };
		97133D331EA4282A00732C32 /* extensions.swift in Sources */ = {isa = PBXBuildFile; fileRef = 97133D321EA4282A00732C32 /* extensions.swift */; };
		97133D351EA42EF600732C32 /* ListContactViewController.swift in Sources */ = {isa = PBXBuildFile; fileRef = 97133D341EA42EF600732C32 /* ListContactViewController.swift */; };
		97133D371EA43C2600732C32 /* AddContactViewController.swift in Sources */ = {isa = PBXBuildFile; fileRef = 97133D361EA43C2600732C32 /* AddContactViewController.swift */; };
/* End PBXBuildFile section */

/* Begin PBXFileReference section */
		97133D1A1EA41FB700732C32 /* AddressBook.app */ = {isa = PBXFileReference; explicitFileType = wrapper.application; includeInIndex = 0; path = AddressBook.app; sourceTree = BUILT_PRODUCTS_DIR; };
		97133D1D1EA41FB700732C32 /* AppDelegate.swift */ = {isa = PBXFileReference; lastKnownFileType = sourcecode.swift; path = AppDelegate.swift; sourceTree = "<group>"; };
		97133D1F1EA41FB700732C32 /* ViewController.swift */ = {isa = PBXFileReference; lastKnownFileType = sourcecode.swift; path = ViewController.swift; sourceTree = "<group>"; };
		97133D221EA41FB700732C32 /* Base */ = {isa = PBXFileReference; lastKnownFileType = file.storyboard; name = Base; path = Base.lproj/Main.storyboard; sourceTree = "<group>"; };
		97133D251EA41FB700732C32 /* AddressBook.xcdatamodel */ = {isa = PBXFileReference; lastKnownFileType = wrapper.xcdatamodel; path = AddressBook.xcdatamodel; sourceTree = "<group>"; };
		97133D271EA41FB700732C32 /* Assets.xcassets */ = {isa = PBXFileReference; lastKnownFileType = folder.assetcatalog; path = Assets.xcassets; sourceTree = "<group>"; };
		97133D2A1EA41FB700732C32 /* Base */ = {isa = PBXFileReference; lastKnownFileType = file.storyboard; name = Base; path = Base.lproj/LaunchScreen.storyboard; sourceTree = "<group>"; };
		97133D2C1EA41FB700732C32 /* Info.plist */ = {isa = PBXFileReference; lastKnownFileType = text.plist.xml; path = Info.plist; sourceTree = "<group>"; };
		97133D321EA4282A00732C32 /* extensions.swift */ = {isa = PBXFileReference; fileEncoding = 4; lastKnownFileType = sourcecode.swift; path = extensions.swift; sourceTree = "<group>"; };
		97133D341EA42EF600732C32 /* ListContactViewController.swift */ = {isa = PBXFileReference; fileEncoding = 4; lastKnownFileType = sourcecode.swift; path = ListContactViewController.swift; sourceTree = "<group>"; };
		97133D361EA43C2600732C32 /* AddContactViewController.swift */ = {isa = PBXFileReference; fileEncoding = 4; lastKnownFileType = sourcecode.swift; path = AddContactViewController.swift; sourceTree = "<group>"; };
/* End PBXFileReference section */

/* Begin PBXFrameworksBuildPhase section */
		97133D171EA41FB700732C32 /* Frameworks */ = {
			isa = PBXFrameworksBuildPhase;
			buildActionMask = 2147483647;
			files = (
			);
			runOnlyForDeploymentPostprocessing = 0;
		};
/* End PBXFrameworksBuildPhase section */

/* Begin PBXGroup section */
		97133D111EA41FB700732C32 = {
			isa = PBXGroup;
			children = (
				97133D1C1EA41FB700732C32 /* AddressBook */,
				97133D1B1EA41FB700732C32 /* Products */,
			);
			sourceTree = "<group>";
		};
		97133D1B1EA41FB700732C32 /* Products */ = {
			isa = PBXGroup;
			children = (
				97133D1A1EA41FB700732C32 /* AddressBook.app */,
			);
			name = Products;
			sourceTree = "<group>";
		};
		97133D1C1EA41FB700732C32 /* AddressBook */ = {
			isa = PBXGroup;
			children = (
				97133D1D1EA41FB700732C32 /* AppDelegate.swift */,
				97133D1F1EA41FB700732C32 /* ViewController.swift */,
				97133D211EA41FB700732C32 /* Main.storyboard */,
				97133D361EA43C2600732C32 /* AddContactViewController.swift */,
				97133D341EA42EF600732C32 /* ListContactViewController.swift */,
				97133D271EA41FB700732C32 /* Assets.xcassets */,
				97133D291EA41FB700732C32 /* LaunchScreen.storyboard */,
				97133D2C1EA41FB700732C32 /* Info.plist */,
				97133D241EA41FB700732C32 /* AddressBook.xcdatamodeld */,
				97133D321EA4282A00732C32 /* extensions.swift */,
			);
			path = AddressBook;
			sourceTree = "<group>";
		};
/* End PBXGroup section */

/* Begin PBXNativeTarget section */
		97133D191EA41FB700732C32 /* AddressBook */ = {
			isa = PBXNativeTarget;
			buildConfigurationList = 97133D2F1EA41FB700732C32 /* Build configuration list for PBXNativeTarget "AddressBook" */;
			buildPhases = (
				97133D161EA41FB700732C32 /* Sources */,
				97133D171EA41FB700732C32 /* Frameworks */,
				97133D181EA41FB700732C32 /* Resources */,
			);
			buildRules = (
			);
			dependencies = (
			);
			name = AddressBook;
			productName = AddressBook;
			productReference = 97133D1A1EA41FB700732C32 /* AddressBook.app */;
			productType = "com.apple.product-type.application";
		};
/* End PBXNativeTarget section */

/* Begin PBXProject section */
		97133D121EA41FB700732C32 /* Project object */ = {
			isa = PBXProject;
			attributes = {
				LastSwiftUpdateCheck = 0830;
				LastUpgradeCheck = 0830;
				ORGANIZATIONNAME = "Selase Kwawu";
				TargetAttributes = {
					97133D191EA41FB700732C32 = {
						CreatedOnToolsVersion = 8.3;
						DevelopmentTeam = 4X34YG5XHA;
						ProvisioningStyle = Automatic;
					};
				};
			};
			buildConfigurationList = 97133D151EA41FB700732C32 /* Build configuration list for PBXProject "AddressBook" */;
			compatibilityVersion = "Xcode 3.2";
			developmentRegion = English;
			hasScannedForEncodings = 0;
			knownRegions = (
				en,
				Base,
			);
			mainGroup = 97133D111EA41FB700732C32;
			productRefGroup = 97133D1B1EA41FB700732C32 /* Products */;
			projectDirPath = "";
			projectRoot = "";
			targets = (
				97133D191EA41FB700732C32 /* AddressBook */,
			);
		};
/* End PBXProject section */

/* Begin PBXResourcesBuildPhase section */
		97133D181EA41FB700732C32 /* Resources */ = {
			isa = PBXResourcesBuildPhase;
			buildActionMask = 2147483647;
			files = (
				97133D2B1EA41FB700732C32 /* LaunchScreen.storyboard in Resources */,
				97133D281EA41FB700732C32 /* Assets.xcassets in Resources */,
				97133D231EA41FB700732C32 /* Main.storyboard in Resources */,
			);
			runOnlyForDeploymentPostprocessing = 0;
		};
/* End PBXResourcesBuildPhase section */

/* Begin PBXSourcesBuildPhase section */
		97133D161EA41FB700732C32 /* Sources */ = {
			isa = PBXSourcesBuildPhase;
			buildActionMask = 2147483647;
			files = (
				97133D261EA41FB700732C32 /* AddressBook.xcdatamodeld in Sources */,
				97133D201EA41FB700732C32 /* ViewController.swift in Sources */,
				97133D1E1EA41FB700732C32 /* AppDelegate.swift in Sources */,
				97133D371EA43C2600732C32 /* AddContactViewController.swift in Sources */,
				97133D351EA42EF600732C32 /* ListContactViewController.swift in Sources */,
				97133D331EA4282A00732C32 /* extensions.swift in Sources */,
			);
			runOnlyForDeploymentPostprocessing = 0;
		};
/* End PBXSourcesBuildPhase section */

/* Begin PBXVariantGroup section */
		97133D211EA41FB700732C32 /* Main.storyboard */ = {
			isa = PBXVariantGroup;
			children = (
				97133D221EA41FB700732C32 /* Base */,
			);
			name = Main.storyboard;
			sourceTree = "<group>";
		};
		97133D291EA41FB700732C32 /* LaunchScreen.storyboard */ = {
			isa = PBXVariantGroup;
			children = (
				97133D2A1EA41FB700732C32 /* Base */,
			);
			name = LaunchScreen.storyboard;
			sourceTree = "<group>";
		};
/* End PBXVariantGroup section */

/* Begin XCBuildConfiguration section */
		97133D2D1EA41FB700732C32 /* Debug */ = {
			isa = XCBuildConfiguration;
			buildSettings = {
				ALWAYS_SEARCH_USER_PATHS = NO;
				CLANG_ANALYZER_NONNULL = YES;
				CLANG_ANALYZER_NUMBER_OBJECT_CONVERSION = YES_AGGRESSIVE;
				CLANG_CXX_LANGUAGE_STANDARD = "gnu++0x";
				CLANG_CXX_LIBRARY = "libc++";
				CLANG_ENABLE_MODULES = YES;
				CLANG_ENABLE_OBJC_ARC = YES;
				CLANG_WARN_BOOL_CONVERSION = YES;
				CLANG_WARN_CONSTANT_CONVERSION = YES;
				CLANG_WARN_DIRECT_OBJC_ISA_USAGE = YES_ERROR;
				CLANG_WARN_DOCUMENTATION_COMMENTS = YES;
				CLANG_WARN_EMPTY_BODY = YES;
				CLANG_WARN_ENUM_CONVERSION = YES;
				CLANG_WARN_INFINITE_RECURSION = YES;
				CLANG_WARN_INT_CONVERSION = YES;
				CLANG_WARN_OBJC_ROOT_CLASS = YES_ERROR;
				CLANG_WARN_SUSPICIOUS_MOVE = YES;
				CLANG_WARN_UNREACHABLE_CODE = YES;
				CLANG_WARN__DUPLICATE_METHOD_MATCH = YES;
				"CODE_SIGN_IDENTITY[sdk=iphoneos*]" = "iPhone Developer";
				COPY_PHASE_STRIP = NO;
				DEBUG_INFORMATION_FORMAT = dwarf;
				ENABLE_STRICT_OBJC_MSGSEND = YES;
				ENABLE_TESTABILITY = YES;
				GCC_C_LANGUAGE_STANDARD = gnu99;
				GCC_DYNAMIC_NO_PIC = NO;
				GCC_NO_COMMON_BLOCKS = YES;
				GCC_OPTIMIZATION_LEVEL = 0;
				GCC_PREPROCESSOR_DEFINITIONS = (
					"DEBUG=1",
					"$(inherited)",
				);
				GCC_WARN_64_TO_32_BIT_CONVERSION = YES;
				GCC_WARN_ABOUT_RETURN_TYPE = YES_ERROR;
				GCC_WARN_UNDECLARED_SELECTOR = YES;
				GCC_WARN_UNINITIALIZED_AUTOS = YES_AGGRESSIVE;
				GCC_WARN_UNUSED_FUNCTION = YES;
				GCC_WARN_UNUSED_VARIABLE = YES;
				IPHONEOS_DEPLOYMENT_TARGET = 10.3;
				MTL_ENABLE_DEBUG_INFO = YES;
				ONLY_ACTIVE_ARCH = YES;
				SDKROOT = iphoneos;
				SWIFT_ACTIVE_COMPILATION_CONDITIONS = DEBUG;
				SWIFT_OPTIMIZATION_LEVEL = "-Onone";
				TARGETED_DEVICE_FAMILY = "1,2";
			};
			name = Debug;
		};
		97133D2E1EA41FB700732C32 /* Release */ = {
			isa = XCBuildConfiguration;
			buildSettings = {
				ALWAYS_SEARCH_USER_PATHS = NO;
				CLANG_ANALYZER_NONNULL = YES;
				CLANG_ANALYZER_NUMBER_OBJECT_CONVERSION = YES_AGGRESSIVE;
				CLANG_CXX_LANGUAGE_STANDARD = "gnu++0x";
				CLANG_CXX_LIBRARY = "libc++";
				CLANG_ENABLE_MODULES = YES;
				CLANG_ENABLE_OBJC_ARC = YES;
				CLANG_WARN_BOOL_CONVERSION = YES;
				CLANG_WARN_CONSTANT_CONVERSION = YES;
				CLANG_WARN_DIRECT_OBJC_ISA_USAGE = YES_ERROR;
				CLANG_WARN_DOCUMENTATION_COMMENTS = YES;
				CLANG_WARN_EMPTY_BODY = YES;
				CLANG_WARN_ENUM_CONVERSION = YES;
				CLANG_WARN_INFINITE_RECURSION = YES;
				CLANG_WARN_INT_CONVERSION = YES;
				CLANG_WARN_OBJC_ROOT_CLASS = YES_ERROR;
				CLANG_WARN_SUSPICIOUS_MOVE = YES;
				CLANG_WARN_UNREACHABLE_CODE = YES;
				CLANG_WARN__DUPLICATE_METHOD_MATCH = YES;
				"CODE_SIGN_IDENTITY[sdk=iphoneos*]" = "iPhone Developer";
				COPY_PHASE_STRIP = NO;
				DEBUG_INFORMATION_FORMAT = "dwarf-with-dsym";
				ENABLE_NS_ASSERTIONS = NO;
				ENABLE_STRICT_OBJC_MSGSEND = YES;
				GCC_C_LANGUAGE_STANDARD = gnu99;
				GCC_NO_COMMON_BLOCKS = YES;
				GCC_WARN_64_TO_32_BIT_CONVERSION = YES;
				GCC_WARN_ABOUT_RETURN_TYPE = YES_ERROR;
				GCC_WARN_UNDECLARED_SELECTOR = YES;
				GCC_WARN_UNINITIALIZED_AUTOS = YES_AGGRESSIVE;
				GCC_WARN_UNUSED_FUNCTION = YES;
				GCC_WARN_UNUSED_VARIABLE = YES;
				IPHONEOS_DEPLOYMENT_TARGET = 10.3;
				MTL_ENABLE_DEBUG_INFO = NO;
				SDKROOT = iphoneos;
				SWIFT_OPTIMIZATION_LEVEL = "-Owholemodule";
				TARGETED_DEVICE_FAMILY = "1,2";
				VALIDATE_PRODUCT = YES;
			};
			name = Release;
		};
		97133D301EA41FB700732C32 /* Debug */ = {
			isa = XCBuildConfiguration;
			buildSettings = {
				ASSETCATALOG_COMPILER_APPICON_NAME = AppIcon;
				DEVELOPMENT_TEAM = 4X34YG5XHA;
				INFOPLIST_FILE = AddressBook/Info.plist;
				LD_RUNPATH_SEARCH_PATHS = "$(inherited) @executable_path/Frameworks";
				PRODUCT_BUNDLE_IDENTIFIER = shofar.AddressBook;
				PRODUCT_NAME = "$(TARGET_NAME)";
				SWIFT_VERSION = 3.0;
			};
			name = Debug;
		};
		97133D311EA41FB700732C32 /* Release */ = {
			isa = XCBuildConfiguration;
			buildSettings = {
				ASSETCATALOG_COMPILER_APPICON_NAME = AppIcon;
				DEVELOPMENT_TEAM = 4X34YG5XHA;
				INFOPLIST_FILE = AddressBook/Info.plist;
				LD_RUNPATH_SEARCH_PATHS = "$(inherited) @executable_path/Frameworks";
				PRODUCT_BUNDLE_IDENTIFIER = shofar.AddressBook;
				PRODUCT_NAME = "$(TARGET_NAME)";
				SWIFT_VERSION = 3.0;
			};
			name = Release;
		};
/* End XCBuildConfiguration section */

/* Begin XCConfigurationList section */
		97133D151EA41FB700732C32 /* Build configuration list for PBXProject "AddressBook" */ = {
			isa = XCConfigurationList;
			buildConfigurations = (
				97133D2D1EA41FB700732C32 /* Debug */,
				97133D2E1EA41FB700732C32 /* Release */,
			);
			defaultConfigurationIsVisible = 0;
			defaultConfigurationName = Release;
		};
		97133D2F1EA41FB700732C32 /* Build configuration list for PBXNativeTarget "AddressBook" */ = {
			isa = XCConfigurationList;
			buildConfigurations = (
				97133D301EA41FB700732C32 /* Debug */,
				97133D311EA41FB700732C32 /* Release */,
			);
			defaultConfigurationIsVisible = 0;
		};
/* End XCConfigurationList section */

/* Begin XCVersionGroup section */
		97133D241EA41FB700732C32 /* AddressBook.xcdatamodeld */ = {
			isa = XCVersionGroup;
			children = (
				97133D251EA41FB700732C32 /* AddressBook.xcdatamodel */,
			);
			currentVersion = 97133D251EA41FB700732C32 /* AddressBook.xcdatamodel */;
			path = AddressBook.xcdatamodeld;
			sourceTree = "<group>";
			versionGroupType = wrapper.xcdatamodel;
		};
/* End XCVersionGroup section */
	};
	rootObject = 97133D121EA41FB700732C32 /* Project object */;
}
